
Microsoft Visual Studio Solution File, Format Version 12.00
# Visual Studio 15
VisualStudioVersion = 15.0.27130.2010
MinimumVisualStudioVersion = 10.0.40219.1
Project("{FAE04EC0-301F-11D3-BF4B-00C04F79EFBC}") = "GreenvilleRevenue", "GreenvilleRevenue\GreenvilleRevenue.csproj", "{3C798E2B-22B8-4498-8B75-46FD55963EA2}"
EndProject
Global
	GlobalSection(SolutionConfigurationPlatforms) = preSolution
		Debug|Any CPU = Debug|Any CPU
		Release|Any CPU = Release|Any CPU
	EndGlobalSection
	GlobalSection(ProjectConfigurationPlatforms) = postSolution
		{3C798E2B-22B8-4498-8B75-46FD55963EA2}.Debug|Any CPU.ActiveCfg = Debug|Any CPU
		{3C798E2B-22B8-4498-8B75-46FD55963EA2}.Debug|Any CPU.Build.0 = Debug|Any CPU
		{3C798E2B-22B8-4498-8B75-46FD55963EA2}.Release|Any CPU.ActiveCfg = Release|Any CPU
		{3C798E2B-22B8-4498-8B75-46FD55963EA2}.Release|Any CPU.Build.0 = Release|Any CPU
	EndGlobalSection
	GlobalSection(SolutionProperties) = preSolution
		HideSolutionNode = FALSE
	EndGlobalSection
	GlobalSection(ExtensibilityGlobals) = postSolution
		SolutionGuid = {C1FFE704-44EE-408C-91FA-8C50AB59CFE5}
	EndGlobalSection
EndGlobal
